<?xml version="1.0" encoding="utf-8"?>
<Project ToolsVersion="4.0" xmlns="http://schemas.microsoft.com/developer/msbuild/2003">
  <ItemGroup>
    <Filter Include="源文件">
      <UniqueIdentifier>{4FC737F1-C7A5-4376-A066-2A32D752A2FF}</UniqueIdentifier>
      <Extensions>cpp;c;cc;cxx;c++;cppm;ixx;def;odl;idl;hpj;bat;asm;asmx</Extensions>
    </Filter>
    <Filter Include="头文件">
      <UniqueIdentifier>{93995380-89BD-4b04-88EB-625FBE52EBFB}</UniqueIdentifier>
      <Extensions>h;hh;hpp;hxx;h++;hm;inl;inc;ipp;xsd</Extensions>
    </Filter>
    <Filter Include="资源文件">
      <UniqueIdentifier>{67DA6AB6-F800-4c08-8B7A-83BB121AAD01}</UniqueIdentifier>
      <Extensions>rc;ico;cur;bmp;dlg;rc2;rct;bin;rgs;gif;jpg;jpeg;jpe;resx;tiff;tif;png;wav;mfcribbon-ms</Extensions>
    </Filter>
    <Filter Include="源文件\tree-sitter">
      <UniqueIdentifier>{d0584e77-f3ce-428e-ac73-bde49d94e793}</UniqueIdentifier>
    </Filter>
    <Filter Include="源文件\tree-sitter\lib">
      <UniqueIdentifier>{3f202710-6d21-46a5-b4d0-65982dc049eb}</UniqueIdentifier>
    </Filter>
    <Filter Include="源文件\tree-sitter\lib\src">
      <UniqueIdentifier>{78294308-88f6-4d10-bd4c-f86978d1048b}</UniqueIdentifier>
    </Filter>
    <Filter Include="源文件\tree-sitter-cpp">
      <UniqueIdentifier>{3ed963a6-6e7b-4b58-b4fd-c1b22661d1d7}</UniqueIdentifier>
    </Filter>
    <Filter Include="源文件\tree-sitter-cpp\src">
      <UniqueIdentifier>{7f13109f-43bc-4bef-8628-1d508ee0e6bf}</UniqueIdentifier>
    </Filter>
  </ItemGroup>
  <ItemGroup>
    <ClCompile Include="main.cpp">
      <Filter>源文件</Filter>
    </ClCompile>
    <ClCompile Include="..\tree-sitter\lib\src\lib.c">
      <Filter>源文件\tree-sitter\lib\src</Filter>
    </ClCompile>
    <ClCompile Include="..\tree-sitter-cpp\src\parser.c">
      <Filter>源文件\tree-sitter-cpp\src</Filter>
    </ClCompile>
    <ClCompile Include="..\tree-sitter-cpp\src\scanner.c">
      <Filter>源文件\tree-sitter-cpp\src</Filter>
    </ClCompile>
  </ItemGroup>
</Project>