
Microsoft Visual Studio Solution File, Format Version 12.00
# Visual Studio Version 17
VisualStudioVersion = 17.7.34031.279
MinimumVisualStudioVersion = 10.0.40219.1
Project("{8BC9CEB8-8B4A-11D0-8D11-00A0C91BC942}") = "test", "test.vcxproj", "{44A33186-3182-4E46-A580-F24B787F8BF2}"
EndProject
Project("{8BC9CEB8-8B4A-11D0-8D11-00A0C91BC942}") = "copy_and_update_time", "copy_and_update_time\copy_and_update_time.vcxproj", "{01BE0503-F47A-419B-8FAB-02D1AE4AD585}"
EndProject
Global
	GlobalSection(SolutionConfigurationPlatforms) = preSolution
		Debug|x64 = Debug|x64
		Debug|x86 = Debug|x86
		Release|x64 = Release|x64
		Release|x86 = Release|x86
	EndGlobalSection
	GlobalSection(ProjectConfigurationPlatforms) = postSolution
		{44A33186-3182-4E46-A580-F24B787F8BF2}.Debug|x64.ActiveCfg = Debug|x64
		{44A33186-3182-4E46-A580-F24B787F8BF2}.Debug|x64.Build.0 = Debug|x64
		{44A33186-3182-4E46-A580-F24B787F8BF2}.Debug|x86.ActiveCfg = Debug|Win32
		{44A33186-3182-4E46-A580-F24B787F8BF2}.Debug|x86.Build.0 = Debug|Win32
		{44A33186-3182-4E46-A580-F24B787F8BF2}.Release|x64.ActiveCfg = Release|x64
		{44A33186-3182-4E46-A580-F24B787F8BF2}.Release|x64.Build.0 = Release|x64
		{44A33186-3182-4E46-A580-F24B787F8BF2}.Release|x86.ActiveCfg = Release|Win32
		{44A33186-3182-4E46-A580-F24B787F8BF2}.Release|x86.Build.0 = Release|Win32
		{01BE0503-F47A-419B-8FAB-02D1AE4AD585}.Debug|x64.ActiveCfg = Debug|x64
		{01BE0503-F47A-419B-8FAB-02D1AE4AD585}.Debug|x64.Build.0 = Debug|x64
		{01BE0503-F47A-419B-8FAB-02D1AE4AD585}.Debug|x86.ActiveCfg = Debug|Win32
		{01BE0503-F47A-419B-8FAB-02D1AE4AD585}.Debug|x86.Build.0 = Debug|Win32
		{01BE0503-F47A-419B-8FAB-02D1AE4AD585}.Release|x64.ActiveCfg = Release|x64
		{01BE0503-F47A-419B-8FAB-02D1AE4AD585}.Release|x64.Build.0 = Release|x64
		{01BE0503-F47A-419B-8FAB-02D1AE4AD585}.Release|x86.ActiveCfg = Release|Win32
		{01BE0503-F47A-419B-8FAB-02D1AE4AD585}.Release|x86.Build.0 = Release|Win32
	EndGlobalSection
	GlobalSection(SolutionProperties) = preSolution
		HideSolutionNode = FALSE
	EndGlobalSection
	GlobalSection(ExtensibilityGlobals) = postSolution
		SolutionGuid = {350E416A-C588-44B8-91F6-F5188C3CEFD7}
	EndGlobalSection
EndGlobal
